
Microsoft Visual Studio Solution File, Format Version 12.00
# Visual Studio 14
VisualStudioVersion = 14.0.23107.0
MinimumVisualStudioVersion = 10.0.40219.1
Project("{FAE04EC0-301F-11D3-BF4B-00C04F79EFBC}") = "FastedBitmap", "FastedBitmap\FastedBitmap.csproj", "{FBCD55C5-9D22-4B74-AA83-E0231C2AC7B2}"
EndProject
Project("{FAE04EC0-301F-11D3-BF4B-00C04F79EFBC}") = "speedTestOfBitmap", "speedTestOfBitmap\speedTestOfBitmap.csproj", "{4C37C2CD-3A6C-4316-AC57-B718E5C0F450}"
EndProject
Global
	GlobalSection(SolutionConfigurationPlatforms) = preSolution
		Debug|Any CPU = Debug|Any CPU
		Release|Any CPU = Release|Any CPU
	EndGlobalSection
	GlobalSection(ProjectConfigurationPlatforms) = postSolution
		{FBCD55C5-9D22-4B74-AA83-E0231C2AC7B2}.Debug|Any CPU.ActiveCfg = Debug|Any CPU
		{FBCD55C5-9D22-4B74-AA83-E0231C2AC7B2}.Debug|Any CPU.Build.0 = Debug|Any CPU
		{FBCD55C5-9D22-4B74-AA83-E0231C2AC7B2}.Release|Any CPU.ActiveCfg = Release|Any CPU
		{FBCD55C5-9D22-4B74-AA83-E0231C2AC7B2}.Release|Any CPU.Build.0 = Release|Any CPU
		{4C37C2CD-3A6C-4316-AC57-B718E5C0F450}.Debug|Any CPU.ActiveCfg = Debug|Any CPU
		{4C37C2CD-3A6C-4316-AC57-B718E5C0F450}.Debug|Any CPU.Build.0 = Debug|Any CPU
		{4C37C2CD-3A6C-4316-AC57-B718E5C0F450}.Release|Any CPU.ActiveCfg = Release|Any CPU
		{4C37C2CD-3A6C-4316-AC57-B718E5C0F450}.Release|Any CPU.Build.0 = Release|Any CPU
	EndGlobalSection
	GlobalSection(SolutionProperties) = preSolution
		HideSolutionNode = FALSE
	EndGlobalSection
EndGlobal
